
Microsoft Visual Studio Solution File, Format Version 12.00
# Visual Studio Version 16
VisualStudioVersion = 25.0.1704.4
MinimumVisualStudioVersion = 10.0.40219.1
Project("{FAE04EC0-301F-11D3-BF4B-00C04F79EFBC}") = "ExpenseTracker", "ExpenseTracker.csproj", "{C5EFEE3D-7248-4E35-A26B-98FC53E16419}"
EndProject
Global
	GlobalSection(SolutionConfigurationPlatforms) = preSolution
		Debug|Any CPU = Debug|Any CPU
		Release|Any CPU = Release|Any CPU
	EndGlobalSection
	GlobalSection(ProjectConfigurationPlatforms) = postSolution
		{C5EFEE3D-7248-4E35-A26B-98FC53E16419}.Debug|Any CPU.ActiveCfg = Debug|Any CPU
		{C5EFEE3D-7248-4E35-A26B-98FC53E16419}.Debug|Any CPU.Build.0 = Debug|Any CPU
		{C5EFEE3D-7248-4E35-A26B-98FC53E16419}.Release|Any CPU.ActiveCfg = Release|Any CPU
		{C5EFEE3D-7248-4E35-A26B-98FC53E16419}.Release|Any CPU.Build.0 = Release|Any CPU
	EndGlobalSection
	GlobalSection(SolutionProperties) = preSolution
		HideSolutionNode = FALSE
	EndGlobalSection
	GlobalSection(ExtensibilityGlobals) = postSolution
		SolutionGuid = {8BC09AE2-F761-4544-AC6A-BFE66BF74978}
	EndGlobalSection
EndGlobal
